
Microsoft Visual Studio Solution File, Format Version 12.00
# Visual Studio Version 16
VisualStudioVersion = 16.0.31911.196
MinimumVisualStudioVersion = 10.0.40219.1
Project("{FAE04EC0-301F-11D3-BF4B-00C04F79EFBC}") = "CustomerManagementSystem", "CustomerManagementSystem\CustomerManagementSystem.csproj", "{0076700C-992A-4F9F-A9BE-9A9881130910}"
EndProject
Global
	GlobalSection(SolutionConfigurationPlatforms) = preSolution
		Debug|Any CPU = Debug|Any CPU
		Release|Any CPU = Release|Any CPU
	EndGlobalSection
	GlobalSection(ProjectConfigurationPlatforms) = postSolution
		{0076700C-992A-4F9F-A9BE-9A9881130910}.Debug|Any CPU.ActiveCfg = Debug|Any CPU
		{0076700C-992A-4F9F-A9BE-9A9881130910}.Debug|Any CPU.Build.0 = Debug|Any CPU
		{0076700C-992A-4F9F-A9BE-9A9881130910}.Release|Any CPU.ActiveCfg = Release|Any CPU
		{0076700C-992A-4F9F-A9BE-9A9881130910}.Release|Any CPU.Build.0 = Release|Any CPU
	EndGlobalSection
	GlobalSection(SolutionProperties) = preSolution
		HideSolutionNode = FALSE
	EndGlobalSection
	GlobalSection(ExtensibilityGlobals) = postSolution
		SolutionGuid = {FB716109-953D-48E3-9F9D-E3D8B4065B4D}
	EndGlobalSection
EndGlobal
